
Microsoft Visual Studio Solution File, Format Version 12.00
# Visual Studio Version 17
VisualStudioVersion = 17.14.36301.6
MinimumVisualStudioVersion = 10.0.40219.1
Project("{FAE04EC0-301F-11D3-BF4B-00C04F79EFBC}") = "FinanceTracker", "FinanceTracker.csproj", "{B1E7EFB2-EF38-4658-BF1B-BBE8C951DB9A}"
EndProject
Global
	GlobalSection(SolutionConfigurationPlatforms) = preSolution
		Debug|Any CPU = Debug|Any CPU
		Release|Any CPU = Release|Any CPU
	EndGlobalSection
	GlobalSection(ProjectConfigurationPlatforms) = postSolution
		{B1E7EFB2-EF38-4658-BF1B-BBE8C951DB9A}.Debug|Any CPU.ActiveCfg = Debug|Any CPU
		{B1E7EFB2-EF38-4658-BF1B-BBE8C951DB9A}.Debug|Any CPU.Build.0 = Debug|Any CPU
		{B1E7EFB2-EF38-4658-BF1B-BBE8C951DB9A}.Debug|Any CPU.Deploy.0 = Debug|Any CPU
		{B1E7EFB2-EF38-4658-BF1B-BBE8C951DB9A}.Release|Any CPU.ActiveCfg = Release|Any CPU
		{B1E7EFB2-EF38-4658-BF1B-BBE8C951DB9A}.Release|Any CPU.Build.0 = Release|Any CPU
		{B1E7EFB2-EF38-4658-BF1B-BBE8C951DB9A}.Release|Any CPU.Deploy.0 = Release|Any CPU
	EndGlobalSection
	GlobalSection(SolutionProperties) = preSolution
		HideSolutionNode = FALSE
	EndGlobalSection
	GlobalSection(ExtensibilityGlobals) = postSolution
		SolutionGuid = {57066E1B-E7F0-4052-BAFB-435F8BC0C655}
	EndGlobalSection
EndGlobal
